
Microsoft Visual Studio Solution File, Format Version 12.00
# Visual Studio Version 16
VisualStudioVersion = 16.0.31729.503
MinimumVisualStudioVersion = 10.0.40219.1
Project("{9A19103F-16F7-4668-BE54-9A1E7A4F7556}") = "Vending Machine", "Vending Machine\Vending Machine.csproj", "{A1530DE1-864D-4090-AA0C-7C13D441F082}"
EndProject
Project("{9A19103F-16F7-4668-BE54-9A1E7A4F7556}") = "Vending Machine.Tests", "VendingMachine.Tests\Vending Machine.Tests.csproj", "{DEE74CBB-729D-4E05-BD86-E76028F74E8C}"
EndProject
Global
	GlobalSection(SolutionConfigurationPlatforms) = preSolution
		Debug|Any CPU = Debug|Any CPU
		Release|Any CPU = Release|Any CPU
	EndGlobalSection
	GlobalSection(ProjectConfigurationPlatforms) = postSolution
		{A1530DE1-864D-4090-AA0C-7C13D441F082}.Debug|Any CPU.ActiveCfg = Debug|Any CPU
		{A1530DE1-864D-4090-AA0C-7C13D441F082}.Debug|Any CPU.Build.0 = Debug|Any CPU
		{A1530DE1-864D-4090-AA0C-7C13D441F082}.Release|Any CPU.ActiveCfg = Release|Any CPU
		{A1530DE1-864D-4090-AA0C-7C13D441F082}.Release|Any CPU.Build.0 = Release|Any CPU
		{DEE74CBB-729D-4E05-BD86-E76028F74E8C}.Debug|Any CPU.ActiveCfg = Debug|Any CPU
		{DEE74CBB-729D-4E05-BD86-E76028F74E8C}.Debug|Any CPU.Build.0 = Debug|Any CPU
		{DEE74CBB-729D-4E05-BD86-E76028F74E8C}.Release|Any CPU.ActiveCfg = Release|Any CPU
		{DEE74CBB-729D-4E05-BD86-E76028F74E8C}.Release|Any CPU.Build.0 = Release|Any CPU
	EndGlobalSection
	GlobalSection(SolutionProperties) = preSolution
		HideSolutionNode = FALSE
	EndGlobalSection
	GlobalSection(ExtensibilityGlobals) = postSolution
		SolutionGuid = {EE3416B5-0170-4DD5-A876-FBCAFB0AD8C8}
	EndGlobalSection
EndGlobal
